// !$*UTF8*$!
{
	archiveVersion = 1;
	classes = {
	};
	objectVersion = 46;
	objects = {

/* Begin PBXBuildFile section */
		F239C7291D23D81A00A88873 /* BeaconManager.swift in Sources */ = {isa = PBXBuildFile; fileRef = F239C7281D23D81A00A88873 /* BeaconManager.swift */; };
		F239C72B1D23DBC300A88873 /* BeaconListener.swift in Sources */ = {isa = PBXBuildFile; fileRef = F239C72A1D23DBC300A88873 /* BeaconListener.swift */; };
		F29953A21D226842002BD133 /* AppDelegate.swift in Sources */ = {isa = PBXBuildFile; fileRef = F29953A11D226842002BD133 /* AppDelegate.swift */; };
		F29953A41D226842002BD133 /* ViewController.swift in Sources */ = {isa = PBXBuildFile; fileRef = F29953A31D226842002BD133 /* ViewController.swift */; };
		F29953A71D226842002BD133 /* Main.storyboard in Resources */ = {isa = PBXBuildFile; fileRef = F29953A51D226842002BD133 /* Main.storyboard */; };
		F29953A91D226842002BD133 /* Assets.xcassets in Resources */ = {isa = PBXBuildFile; fileRef = F29953A81D226842002BD133 /* Assets.xcassets */; };
		F29953AC1D226842002BD133 /* LaunchScreen.storyboard in Resources */ = {isa = PBXBuildFile; fileRef = F29953AA1D226842002BD133 /* LaunchScreen.storyboard */; };
		F29953B61D2272A4002BD133 /* LocationManager.swift in Sources */ = {isa = PBXBuildFile; fileRef = F29953B51D2272A4002BD133 /* LocationManager.swift */; };
/* End PBXBuildFile section */

/* Begin PBXFileReference section */
		F239C7281D23D81A00A88873 /* BeaconManager.swift */ = {isa = PBXFileReference; fileEncoding = 4; lastKnownFileType = sourcecode.swift; path = BeaconManager.swift; sourceTree = "<group>"; };
		F239C72A1D23DBC300A88873 /* BeaconListener.swift */ = {isa = PBXFileReference; fileEncoding = 4; lastKnownFileType = sourcecode.swift; path = BeaconListener.swift; sourceTree = "<group>"; };
		F299539E1D226842002BD133 /* BeaconBus.app */ = {isa = PBXFileReference; explicitFileType = wrapper.application; includeInIndex = 0; path = BeaconBus.app; sourceTree = BUILT_PRODUCTS_DIR; };
		F29953A11D226842002BD133 /* AppDelegate.swift */ = {isa = PBXFileReference; lastKnownFileType = sourcecode.swift; path = AppDelegate.swift; sourceTree = "<group>"; };
		F29953A31D226842002BD133 /* ViewController.swift */ = {isa = PBXFileReference; lastKnownFileType = sourcecode.swift; path = ViewController.swift; sourceTree = "<group>"; };
		F29953A61D226842002BD133 /* Base */ = {isa = PBXFileReference; lastKnownFileType = file.storyboard; name = Base; path = Base.lproj/Main.storyboard; sourceTree = "<group>"; };
		F29953A81D226842002BD133 /* Assets.xcassets */ = {isa = PBXFileReference; lastKnownFileType = folder.assetcatalog; path = Assets.xcassets; sourceTree = "<group>"; };
		F29953AB1D226842002BD133 /* Base */ = {isa = PBXFileReference; lastKnownFileType = file.storyboard; name = Base; path = Base.lproj/LaunchScreen.storyboard; sourceTree = "<group>"; };
		F29953AD1D226842002BD133 /* Info.plist */ = {isa = PBXFileReference; lastKnownFileType = text.plist.xml; path = Info.plist; sourceTree = "<group>"; };
		F29953B51D2272A4002BD133 /* LocationManager.swift */ = {isa = PBXFileReference; fileEncoding = 4; lastKnownFileType = sourcecode.swift; path = LocationManager.swift; sourceTree = "<group>"; };
/* End PBXFileReference section */

/* Begin PBXFrameworksBuildPhase section */
		F299539B1D226842002BD133 /* Frameworks */ = {
			isa = PBXFrameworksBuildPhase;
			buildActionMask = 2147483647;
			files = (
			);
			runOnlyForDeploymentPostprocessing = 0;
		};
/* End PBXFrameworksBuildPhase section */

/* Begin PBXGroup section */
		F29953951D226842002BD133 = {
			isa = PBXGroup;
			children = (
				F29953A01D226842002BD133 /* BeaconBus */,
				F299539F1D226842002BD133 /* Products */,
			);
			sourceTree = "<group>";
		};
		F299539F1D226842002BD133 /* Products */ = {
			isa = PBXGroup;
			children = (
				F299539E1D226842002BD133 /* BeaconBus.app */,
			);
			name = Products;
			sourceTree = "<group>";
		};
		F29953A01D226842002BD133 /* BeaconBus */ = {
			isa = PBXGroup;
			children = (
				F29953A11D226842002BD133 /* AppDelegate.swift */,
				F29953A31D226842002BD133 /* ViewController.swift */,
				F29953A51D226842002BD133 /* Main.storyboard */,
				F29953A81D226842002BD133 /* Assets.xcassets */,
				F29953AA1D226842002BD133 /* LaunchScreen.storyboard */,
				F29953AD1D226842002BD133 /* Info.plist */,
				F29953B51D2272A4002BD133 /* LocationManager.swift */,
				F239C7281D23D81A00A88873 /* BeaconManager.swift */,
				F239C72A1D23DBC300A88873 /* BeaconListener.swift */,
			);
			path = BeaconBus;
			sourceTree = "<group>";
		};
/* End PBXGroup section */

/* Begin PBXNativeTarget section */
		F299539D1D226842002BD133 /* BeaconBus */ = {
			isa = PBXNativeTarget;
			buildConfigurationList = F29953B01D226842002BD133 /* Build configuration list for PBXNativeTarget "BeaconBus" */;
			buildPhases = (
				F299539A1D226842002BD133 /* Sources */,
				F299539B1D226842002BD133 /* Frameworks */,
				F299539C1D226842002BD133 /* Resources */,
			);
			buildRules = (
			);
			dependencies = (
			);
			name = BeaconBus;
			productName = BeaconBus;
			productReference = F299539E1D226842002BD133 /* BeaconBus.app */;
			productType = "com.apple.product-type.application";
		};
/* End PBXNativeTarget section */

/* Begin PBXProject section */
		F29953961D226842002BD133 /* Project object */ = {
			isa = PBXProject;
			attributes = {
				LastSwiftUpdateCheck = 0730;
				LastUpgradeCheck = 0730;
				ORGANIZATIONNAME = wakirox;
				TargetAttributes = {
					F299539D1D226842002BD133 = {
						CreatedOnToolsVersion = 7.3;
						DevelopmentTeam = 793Z38F3BF;
						SystemCapabilities = {
							com.apple.BackgroundModes = {
								enabled = 1;
							};
						};
					};
				};
			};
			buildConfigurationList = F29953991D226842002BD133 /* Build configuration list for PBXProject "BeaconBus" */;
			compatibilityVersion = "Xcode 3.2";
			developmentRegion = English;
			hasScannedForEncodings = 0;
			knownRegions = (
				en,
				Base,
			);
			mainGroup = F29953951D226842002BD133;
			productRefGroup = F299539F1D226842002BD133 /* Products */;
			projectDirPath = "";
			projectRoot = "";
			targets = (
				F299539D1D226842002BD133 /* BeaconBus */,
			);
		};
/* End PBXProject section */

/* Begin PBXResourcesBuildPhase section */
		F299539C1D226842002BD133 /* Resources */ = {
			isa = PBXResourcesBuildPhase;
			buildActionMask = 2147483647;
			files = (
				F29953AC1D226842002BD133 /* LaunchScreen.storyboard in Resources */,
				F29953A91D226842002BD133 /* Assets.xcassets in Resources */,
				F29953A71D226842002BD133 /* Main.storyboard in Resources */,
			);
			runOnlyForDeploymentPostprocessing = 0;
		};
/* End PBXResourcesBuildPhase section */

/* Begin PBXSourcesBuildPhase section */
		F299539A1D226842002BD133 /* Sources */ = {
			isa = PBXSourcesBuildPhase;
			buildActionMask = 2147483647;
			files = (
				F29953A41D226842002BD133 /* ViewController.swift in Sources */,
				F239C7291D23D81A00A88873 /* BeaconManager.swift in Sources */,
				F29953A21D226842002BD133 /* AppDelegate.swift in Sources */,
				F29953B61D2272A4002BD133 /* LocationManager.swift in Sources */,
				F239C72B1D23DBC300A88873 /* BeaconListener.swift in Sources */,
			);
			runOnlyForDeploymentPostprocessing = 0;
		};
/* End PBXSourcesBuildPhase section */

/* Begin PBXVariantGroup section */
		F29953A51D226842002BD133 /* Main.storyboard */ = {
			isa = PBXVariantGroup;
			children = (
				F29953A61D226842002BD133 /* Base */,
			);
			name = Main.storyboard;
			sourceTree = "<group>";
		};
		F29953AA1D226842002BD133 /* LaunchScreen.storyboard */ = {
			isa = PBXVariantGroup;
			children = (
				F29953AB1D226842002BD133 /* Base */,
			);
			name = LaunchScreen.storyboard;
			sourceTree = "<group>";
		};
/* End PBXVariantGroup section */

/* Begin XCBuildConfiguration section */
		F29953AE1D226842002BD133 /* Debug */ = {
			isa = XCBuildConfiguration;
			buildSettings = {
				ALWAYS_SEARCH_USER_PATHS = NO;
				CLANG_ANALYZER_NONNULL = YES;
				CLANG_CXX_LANGUAGE_STANDARD = "gnu++0x";
				CLANG_CXX_LIBRARY = "libc++";
				CLANG_ENABLE_MODULES = YES;
				CLANG_ENABLE_OBJC_ARC = YES;
				CLANG_WARN_BOOL_CONVERSION = YES;
				CLANG_WARN_CONSTANT_CONVERSION = YES;
				CLANG_WARN_DIRECT_OBJC_ISA_USAGE = YES_ERROR;
				CLANG_WARN_EMPTY_BODY = YES;
				CLANG_WARN_ENUM_CONVERSION = YES;
				CLANG_WARN_INT_CONVERSION = YES;
				CLANG_WARN_OBJC_ROOT_CLASS = YES_ERROR;
				CLANG_WARN_UNREACHABLE_CODE = YES;
				CLANG_WARN__DUPLICATE_METHOD_MATCH = YES;
				"CODE_SIGN_IDENTITY[sdk=iphoneos*]" = "iPhone Developer";
				COPY_PHASE_STRIP = NO;
				DEBUG_INFORMATION_FORMAT = dwarf;
				ENABLE_STRICT_OBJC_MSGSEND = YES;
				ENABLE_TESTABILITY = YES;
				GCC_C_LANGUAGE_STANDARD = gnu99;
				GCC_DYNAMIC_NO_PIC = NO;
				GCC_NO_COMMON_BLOCKS = YES;
				GCC_OPTIMIZATION_LEVEL = 0;
				GCC_PREPROCESSOR_DEFINITIONS = (
					"DEBUG=1",
					"$(inherited)",
				);
				GCC_WARN_64_TO_32_BIT_CONVERSION = YES;
				GCC_WARN_ABOUT_RETURN_TYPE = YES_ERROR;
				GCC_WARN_UNDECLARED_SELECTOR = YES;
				GCC_WARN_UNINITIALIZED_AUTOS = YES_AGGRESSIVE;
				GCC_WARN_UNUSED_FUNCTION = YES;
				GCC_WARN_UNUSED_VARIABLE = YES;
				IPHONEOS_DEPLOYMENT_TARGET = 9.3;
				MTL_ENABLE_DEBUG_INFO = YES;
				ONLY_ACTIVE_ARCH = YES;
				SDKROOT = iphoneos;
				SWIFT_OPTIMIZATION_LEVEL = "-Onone";
			};
			name = Debug;
		};
		F29953AF1D226842002BD133 /* Release */ = {
			isa = XCBuildConfiguration;
			buildSettings = {
				ALWAYS_SEARCH_USER_PATHS = NO;
				CLANG_ANALYZER_NONNULL = YES;
				CLANG_CXX_LANGUAGE_STANDARD = "gnu++0x";
				CLANG_CXX_LIBRARY = "libc++";
				CLANG_ENABLE_MODULES = YES;
				CLANG_ENABLE_OBJC_ARC = YES;
				CLANG_WARN_BOOL_CONVERSION = YES;
				CLANG_WARN_CONSTANT_CONVERSION = YES;
				CLANG_WARN_DIRECT_OBJC_ISA_USAGE = YES_ERROR;
				CLANG_WARN_EMPTY_BODY = YES;
				CLANG_WARN_ENUM_CONVERSION = YES;
				CLANG_WARN_INT_CONVERSION = YES;
				CLANG_WARN_OBJC_ROOT_CLASS = YES_ERROR;
				CLANG_WARN_UNREACHABLE_CODE = YES;
				CLANG_WARN__DUPLICATE_METHOD_MATCH = YES;
				"CODE_SIGN_IDENTITY[sdk=iphoneos*]" = "iPhone Developer";
				COPY_PHASE_STRIP = NO;
				DEBUG_INFORMATION_FORMAT = "dwarf-with-dsym";
				ENABLE_NS_ASSERTIONS = NO;
				ENABLE_STRICT_OBJC_MSGSEND = YES;
				GCC_C_LANGUAGE_STANDARD = gnu99;
				GCC_NO_COMMON_BLOCKS = YES;
				GCC_WARN_64_TO_32_BIT_CONVERSION = YES;
				GCC_WARN_ABOUT_RETURN_TYPE = YES_ERROR;
				GCC_WARN_UNDECLARED_SELECTOR = YES;
				GCC_WARN_UNINITIALIZED_AUTOS = YES_AGGRESSIVE;
				GCC_WARN_UNUSED_FUNCTION = YES;
				GCC_WARN_UNUSED_VARIABLE = YES;
				IPHONEOS_DEPLOYMENT_TARGET = 9.3;
				MTL_ENABLE_DEBUG_INFO = NO;
				SDKROOT = iphoneos;
				VALIDATE_PRODUCT = YES;
			};
			name = Release;
		};
		F29953B11D226842002BD133 /* Debug */ = {
			isa = XCBuildConfiguration;
			buildSettings = {
				ASSETCATALOG_COMPILER_APPICON_NAME = AppIcon;
				CODE_SIGN_IDENTITY = "iPhone Developer";
				"CODE_SIGN_IDENTITY[sdk=iphoneos*]" = "iPhone Developer";
				INFOPLIST_FILE = BeaconBus/Info.plist;
				LD_RUNPATH_SEARCH_PATHS = "$(inherited) @executable_path/Frameworks";
				PRODUCT_BUNDLE_IDENTIFIER = com.hciotw.BeaconBus;
				PRODUCT_NAME = "$(TARGET_NAME)";
				PROVISIONING_PROFILE = "";
			};
			name = Debug;
		};
		F29953B21D226842002BD133 /* Release */ = {
			isa = XCBuildConfiguration;
			buildSettings = {
				ASSETCATALOG_COMPILER_APPICON_NAME = AppIcon;
				CODE_SIGN_IDENTITY = "iPhone Developer";
				"CODE_SIGN_IDENTITY[sdk=iphoneos*]" = "iPhone Developer";
				INFOPLIST_FILE = BeaconBus/Info.plist;
				LD_RUNPATH_SEARCH_PATHS = "$(inherited) @executable_path/Frameworks";
				PRODUCT_BUNDLE_IDENTIFIER = com.hciotw.BeaconBus;
				PRODUCT_NAME = "$(TARGET_NAME)";
				PROVISIONING_PROFILE = "";
			};
			name = Release;
		};
/* End XCBuildConfiguration section */

/* Begin XCConfigurationList section */
		F29953991D226842002BD133 /* Build configuration list for PBXProject "BeaconBus" */ = {
			isa = XCConfigurationList;
			buildConfigurations = (
				F29953AE1D226842002BD133 /* Debug */,
				F29953AF1D226842002BD133 /* Release */,
			);
			defaultConfigurationIsVisible = 0;
			defaultConfigurationName = Release;
		};
		F29953B01D226842002BD133 /* Build configuration list for PBXNativeTarget "BeaconBus" */ = {
			isa = XCConfigurationList;
			buildConfigurations = (
				F29953B11D226842002BD133 /* Debug */,
				F29953B21D226842002BD133 /* Release */,
			);
			defaultConfigurationIsVisible = 0;
			defaultConfigurationName = Release;
		};
/* End XCConfigurationList section */
	};
	rootObject = F29953961D226842002BD133 /* Project object */;
}
